
Microsoft Visual Studio Solution File, Format Version 12.00
# Visual Studio Version 17
VisualStudioVersion = 17.10.35013.160
MinimumVisualStudioVersion = 10.0.40219.1
Project("{FAE04EC0-301F-11D3-BF4B-00C04F79EFBC}") = "BackgroundVerify", "BackgroundVerify\BackgroundVerify.csproj", "{CA0CC4B4-C09A-4DAE-AB29-E78B9DECD83F}"
EndProject
Global
	GlobalSection(SolutionConfigurationPlatforms) = preSolution
		Debug|Any CPU = Debug|Any CPU
		Release|Any CPU = Release|Any CPU
	EndGlobalSection
	GlobalSection(ProjectConfigurationPlatforms) = postSolution
		{CA0CC4B4-C09A-4DAE-AB29-E78B9DECD83F}.Debug|Any CPU.ActiveCfg = Debug|Any CPU
		{CA0CC4B4-C09A-4DAE-AB29-E78B9DECD83F}.Debug|Any CPU.Build.0 = Debug|Any CPU
		{CA0CC4B4-C09A-4DAE-AB29-E78B9DECD83F}.Release|Any CPU.ActiveCfg = Release|Any CPU
		{CA0CC4B4-C09A-4DAE-AB29-E78B9DECD83F}.Release|Any CPU.Build.0 = Release|Any CPU
	EndGlobalSection
	GlobalSection(SolutionProperties) = preSolution
		HideSolutionNode = FALSE
	EndGlobalSection
	GlobalSection(ExtensibilityGlobals) = postSolution
		SolutionGuid = {6DE415F7-3674-48E4-8B20-BB8FFC08DEE0}
	EndGlobalSection
EndGlobal
